github.com/howeyc/fsnotify v0.9.0 h1:0gtV5JmOKH4A8SsFxG2BczSeXWWPvcMT0euZt5gDAxY=
github.com/howeyc/fsnotify v0.9.0/go.mod h1:41HzSPxBGeFRQKEEwgh49TRw/nKBsYZ2cF1OzPjSJsA=
github.com/tadvi/beep v0.0.0-20190304184612-0eb504d862bf h1:BQfMIxIN06mHafKB0z8YNYO21FG/6L0tjc9YN6n2q04=
github.com/tadvi/beep v0.0.0-20190304184612-0eb504d862bf/go.mod h1:cjWF4c7CJeBKR3IOqezg0fsUQlTJOaU5HXLqd1OPsTM=
